
Microsoft Visual Studio Solution File, Format Version 12.00
# Visual Studio Version 17
VisualStudioVersion = 17.5.33414.496
MinimumVisualStudioVersion = 10.0.40219.1
Project("{9A19103F-16F7-4668-BE54-9A1E7A4F7556}") = "DisneyAPI", "DisneyAPI\DisneyAPI.csproj", "{235FCFD8-9FC9-4E60-B930-DEB95C5DA39F}"
EndProject
Project("{E53339B2-1760-4266-BCC7-CA923CBCF16C}") = "docker-compose", "docker-compose.dcproj", "{122AC414-3783-46BE-B4EA-1C4F68D8B5E1}"
EndProject
Project("{2150E333-8FDC-42A3-9474-1A3956D46DE8}") = "Solution Items", "Solution Items", "{1918DDAC-527F-4476-9B45-4A2C17F4EE29}"
	ProjectSection(SolutionItems) = preProject
		.gitignore = .gitignore
		captain-definition = captain-definition
	EndProjectSection
EndProject
Global
	GlobalSection(SolutionConfigurationPlatforms) = preSolution
		Debug|Any CPU = Debug|Any CPU
		Release|Any CPU = Release|Any CPU
	EndGlobalSection
	GlobalSection(ProjectConfigurationPlatforms) = postSolution
		{235FCFD8-9FC9-4E60-B930-DEB95C5DA39F}.Debug|Any CPU.ActiveCfg = Debug|Any CPU
		{235FCFD8-9FC9-4E60-B930-DEB95C5DA39F}.Debug|Any CPU.Build.0 = Debug|Any CPU
		{235FCFD8-9FC9-4E60-B930-DEB95C5DA39F}.Release|Any CPU.ActiveCfg = Release|Any CPU
		{235FCFD8-9FC9-4E60-B930-DEB95C5DA39F}.Release|Any CPU.Build.0 = Release|Any CPU
		{122AC414-3783-46BE-B4EA-1C4F68D8B5E1}.Debug|Any CPU.ActiveCfg = Debug|Any CPU
		{122AC414-3783-46BE-B4EA-1C4F68D8B5E1}.Debug|Any CPU.Build.0 = Debug|Any CPU
		{122AC414-3783-46BE-B4EA-1C4F68D8B5E1}.Release|Any CPU.ActiveCfg = Release|Any CPU
		{122AC414-3783-46BE-B4EA-1C4F68D8B5E1}.Release|Any CPU.Build.0 = Release|Any CPU
	EndGlobalSection
	GlobalSection(SolutionProperties) = preSolution
		HideSolutionNode = FALSE
	EndGlobalSection
	GlobalSection(ExtensibilityGlobals) = postSolution
		SolutionGuid = {5AED57B0-C522-4F71-949B-9DB1083A7270}
	EndGlobalSection
EndGlobal
